
Microsoft Visual Studio Solution File, Format Version 12.00
# Visual Studio Version 16
VisualStudioVersion = 16.0.29709.97
MinimumVisualStudioVersion = 15.0.26124.0
Project("{2150E333-8FDC-42A3-9474-1A3956D46DE8}") = "src", "src", "{0A9D8473-66D5-4C70-9C3A-C0D0BAD84A7D}"
	ProjectSection(SolutionItems) = preProject
		src\src.props = src\src.props
	EndProjectSection
EndProject
Project("{9A19103F-16F7-4668-BE54-9A1E7A4F7556}") = "NSharp.LLVM", "src\NSharp.LLVM\NSharp.LLVM.csproj", "{E67B42B6-EDBD-4A8E-A454-E9A267A4D8BD}"
EndProject
Project("{9A19103F-16F7-4668-BE54-9A1E7A4F7556}") = "nsharp", "src\nsharp\nsharp.csproj", "{FE7355E4-1AD9-48C1-A290-75F03817E4F8}"
EndProject
Project("{2150E333-8FDC-42A3-9474-1A3956D46DE8}") = "tests", "tests", "{02A46024-FA17-4D32-AFF7-6FA210071CA7}"
	ProjectSection(SolutionItems) = preProject
		tests\tests.props = tests\tests.props
	EndProjectSection
EndProject
Project("{FAE04EC0-301F-11D3-BF4B-00C04F79EFBC}") = "Nsharp.Tests", "tests\Nsharp.Tests\Nsharp.Tests.csproj", "{07C088E5-D0F0-4565-B1EF-258FFDDDA4B5}"
EndProject
Project("{2150E333-8FDC-42A3-9474-1A3956D46DE8}") = "Solution Items", "Solution Items", "{DD1D123D-45FA-4237-8954-DF75B82AC001}"
	ProjectSection(SolutionItems) = preProject
		.editorconfig = .editorconfig
		.gitignore = .gitignore
		dotnet-tools.json = dotnet-tools.json
		LICENSE.txt = LICENSE.txt
		nsharp.props = nsharp.props
		README.md = README.md
	EndProjectSection
EndProject
Global
	GlobalSection(SolutionConfigurationPlatforms) = preSolution
		Debug|Any CPU = Debug|Any CPU
		Debug|x64 = Debug|x64
		Debug|x86 = Debug|x86
		Release|Any CPU = Release|Any CPU
		Release|x64 = Release|x64
		Release|x86 = Release|x86
	EndGlobalSection
	GlobalSection(ProjectConfigurationPlatforms) = postSolution
		{E67B42B6-EDBD-4A8E-A454-E9A267A4D8BD}.Debug|Any CPU.ActiveCfg = Debug|Any CPU
		{E67B42B6-EDBD-4A8E-A454-E9A267A4D8BD}.Debug|Any CPU.Build.0 = Debug|Any CPU
		{E67B42B6-EDBD-4A8E-A454-E9A267A4D8BD}.Debug|x64.ActiveCfg = Debug|Any CPU
		{E67B42B6-EDBD-4A8E-A454-E9A267A4D8BD}.Debug|x64.Build.0 = Debug|Any CPU
		{E67B42B6-EDBD-4A8E-A454-E9A267A4D8BD}.Debug|x86.ActiveCfg = Debug|Any CPU
		{E67B42B6-EDBD-4A8E-A454-E9A267A4D8BD}.Debug|x86.Build.0 = Debug|Any CPU
		{E67B42B6-EDBD-4A8E-A454-E9A267A4D8BD}.Release|Any CPU.ActiveCfg = Release|Any CPU
		{E67B42B6-EDBD-4A8E-A454-E9A267A4D8BD}.Release|Any CPU.Build.0 = Release|Any CPU
		{E67B42B6-EDBD-4A8E-A454-E9A267A4D8BD}.Release|x64.ActiveCfg = Release|Any CPU
		{E67B42B6-EDBD-4A8E-A454-E9A267A4D8BD}.Release|x64.Build.0 = Release|Any CPU
		{E67B42B6-EDBD-4A8E-A454-E9A267A4D8BD}.Release|x86.ActiveCfg = Release|Any CPU
		{E67B42B6-EDBD-4A8E-A454-E9A267A4D8BD}.Release|x86.Build.0 = Release|Any CPU
		{FE7355E4-1AD9-48C1-A290-75F03817E4F8}.Debug|Any CPU.ActiveCfg = Debug|Any CPU
		{FE7355E4-1AD9-48C1-A290-75F03817E4F8}.Debug|Any CPU.Build.0 = Debug|Any CPU
		{FE7355E4-1AD9-48C1-A290-75F03817E4F8}.Debug|x64.ActiveCfg = Debug|Any CPU
		{FE7355E4-1AD9-48C1-A290-75F03817E4F8}.Debug|x64.Build.0 = Debug|Any CPU
		{FE7355E4-1AD9-48C1-A290-75F03817E4F8}.Debug|x86.ActiveCfg = Debug|Any CPU
		{FE7355E4-1AD9-48C1-A290-75F03817E4F8}.Debug|x86.Build.0 = Debug|Any CPU
		{FE7355E4-1AD9-48C1-A290-75F03817E4F8}.Release|Any CPU.ActiveCfg = Release|Any CPU
		{FE7355E4-1AD9-48C1-A290-75F03817E4F8}.Release|Any CPU.Build.0 = Release|Any CPU
		{FE7355E4-1AD9-48C1-A290-75F03817E4F8}.Release|x64.ActiveCfg = Release|Any CPU
		{FE7355E4-1AD9-48C1-A290-75F03817E4F8}.Release|x64.Build.0 = Release|Any CPU
		{FE7355E4-1AD9-48C1-A290-75F03817E4F8}.Release|x86.ActiveCfg = Release|Any CPU
		{FE7355E4-1AD9-48C1-A290-75F03817E4F8}.Release|x86.Build.0 = Release|Any CPU
		{07C088E5-D0F0-4565-B1EF-258FFDDDA4B5}.Debug|Any CPU.ActiveCfg = Debug|Any CPU
		{07C088E5-D0F0-4565-B1EF-258FFDDDA4B5}.Debug|Any CPU.Build.0 = Debug|Any CPU
		{07C088E5-D0F0-4565-B1EF-258FFDDDA4B5}.Debug|x64.ActiveCfg = Debug|Any CPU
		{07C088E5-D0F0-4565-B1EF-258FFDDDA4B5}.Debug|x64.Build.0 = Debug|Any CPU
		{07C088E5-D0F0-4565-B1EF-258FFDDDA4B5}.Debug|x86.ActiveCfg = Debug|Any CPU
		{07C088E5-D0F0-4565-B1EF-258FFDDDA4B5}.Debug|x86.Build.0 = Debug|Any CPU
		{07C088E5-D0F0-4565-B1EF-258FFDDDA4B5}.Release|Any CPU.ActiveCfg = Release|Any CPU
		{07C088E5-D0F0-4565-B1EF-258FFDDDA4B5}.Release|Any CPU.Build.0 = Release|Any CPU
		{07C088E5-D0F0-4565-B1EF-258FFDDDA4B5}.Release|x64.ActiveCfg = Release|Any CPU
		{07C088E5-D0F0-4565-B1EF-258FFDDDA4B5}.Release|x64.Build.0 = Release|Any CPU
		{07C088E5-D0F0-4565-B1EF-258FFDDDA4B5}.Release|x86.ActiveCfg = Release|Any CPU
		{07C088E5-D0F0-4565-B1EF-258FFDDDA4B5}.Release|x86.Build.0 = Release|Any CPU
	EndGlobalSection
	GlobalSection(SolutionProperties) = preSolution
		HideSolutionNode = FALSE
	EndGlobalSection
	GlobalSection(NestedProjects) = preSolution
		{E67B42B6-EDBD-4A8E-A454-E9A267A4D8BD} = {0A9D8473-66D5-4C70-9C3A-C0D0BAD84A7D}
		{FE7355E4-1AD9-48C1-A290-75F03817E4F8} = {0A9D8473-66D5-4C70-9C3A-C0D0BAD84A7D}
		{07C088E5-D0F0-4565-B1EF-258FFDDDA4B5} = {02A46024-FA17-4D32-AFF7-6FA210071CA7}
	EndGlobalSection
	GlobalSection(ExtensibilityGlobals) = postSolution
		SolutionGuid = {9A811E5C-A587-4C02-8B83-C4770509C8C4}
	EndGlobalSection
EndGlobal
