
Microsoft Visual Studio Solution File, Format Version 12.00
# Visual Studio Version 16
VisualStudioVersion = 16.0.29709.97
MinimumVisualStudioVersion = 15.0.26124.0
Project("{2150E333-8FDC-42A3-9474-1A3956D46DE8}") = "src", "src", "{0A9D8473-66D5-4C70-9C3A-C0D0BAD84A7D}"
	ProjectSection(SolutionItems) = preProject
		src\dir.props = src\dir.props
	EndProjectSection
EndProject
Project("{2150E333-8FDC-42A3-9474-1A3956D46DE8}") = "tests", "tests", "{02A46024-FA17-4D32-AFF7-6FA210071CA7}"
	ProjectSection(SolutionItems) = preProject
		tests\dir.props = tests\dir.props
	EndProjectSection
EndProject
Project("{9A19103F-16F7-4668-BE54-9A1E7A4F7556}") = "Nsharp.Tests", "tests\Nsharp.Tests\Nsharp.Tests.csproj", "{07C088E5-D0F0-4565-B1EF-258FFDDDA4B5}"
EndProject
Project("{2150E333-8FDC-42A3-9474-1A3956D46DE8}") = "Solution Items", "Solution Items", "{DD1D123D-45FA-4237-8954-DF75B82AC001}"
	ProjectSection(SolutionItems) = preProject
		.editorconfig = .editorconfig
		.gitignore = .gitignore
		dir.props = dir.props
		dotnet-tools.json = dotnet-tools.json
		LICENSE.txt = LICENSE.txt
		nsharp.schema.json = nsharp.schema.json
		README.md = README.md
	EndProjectSection
EndProject
Project("{2150E333-8FDC-42A3-9474-1A3956D46DE8}") = "docs", "docs", "{726BBF22-A036-4473-B8A6-A4044ECAAAF3}"
EndProject
Project("{9A19103F-16F7-4668-BE54-9A1E7A4F7556}") = "Nsharp", "src\Nsharp\Nsharp.csproj", "{BC8ABE2F-FA26-45A8-B3F2-FF13CD2E34A4}"
EndProject
Project("{2150E333-8FDC-42A3-9474-1A3956D46DE8}") = "project-structure", "project-structure", "{4586177D-86CF-48D1-80B3-79BE797D6149}"
EndProject
Project("{2150E333-8FDC-42A3-9474-1A3956D46DE8}") = "nsharp.json", "nsharp.json", "{79559DD9-7465-401D-96EE-B1F6AB734298}"
	ProjectSection(SolutionItems) = preProject
		docs\project-structure\nsharp.json\example-1.json = docs\project-structure\nsharp.json\example-1.json
		docs\project-structure\nsharp.json\example-2.json = docs\project-structure\nsharp.json\example-2.json
		docs\project-structure\nsharp.json\example-3.json = docs\project-structure\nsharp.json\example-3.json
		docs\project-structure\nsharp.json\README.md = docs\project-structure\nsharp.json\README.md
	EndProjectSection
EndProject
Project("{9A19103F-16F7-4668-BE54-9A1E7A4F7556}") = "Nsharp.Interpreter", "src\Nsharp.Interpreter\Nsharp.Interpreter.csproj", "{B34D5291-C292-4789-A51E-F8C5757D59B2}"
EndProject
Project("{9A19103F-16F7-4668-BE54-9A1E7A4F7556}") = "Nsharp.Compiler", "src\Nsharp.Compiler\Nsharp.Compiler.csproj", "{86A01921-80BE-4D59-A866-5A5625212E7E}"
EndProject
Project("{2150E333-8FDC-42A3-9474-1A3956D46DE8}") = ".github", ".github", "{E181C650-F53E-40E0-BC92-E207F4ECAF14}"
EndProject
Project("{2150E333-8FDC-42A3-9474-1A3956D46DE8}") = "workflows", "workflows", "{CEEDAAB9-C755-493E-A5CB-3BB36F3760A2}"
	ProjectSection(SolutionItems) = preProject
		.github\workflows\workflow.yaml = .github\workflows\workflow.yaml
	EndProjectSection
EndProject
Project("{FAE04EC0-301F-11D3-BF4B-00C04F79EFBC}") = "Nsharp.Downloaders", "src\Nsharp.Downloaders\Nsharp.Downloaders.csproj", "{DC18FCDF-7DD6-472C-A4B4-D5A4EC44F0B7}"
EndProject
Project("{FAE04EC0-301F-11D3-BF4B-00C04F79EFBC}") = "Nsharp.Downloaders.Tests", "tests\Nsharp.Downloaders.Tests\Nsharp.Downloaders.Tests.csproj", "{DB15EB32-B162-4ABF-B6C9-710C4F9ADD8A}"
EndProject
Project("{FAE04EC0-301F-11D3-BF4B-00C04F79EFBC}") = "Nsharp.PackageSerde.Tests", "tests\Nsharp.PackageSerde.Tests\Nsharp.PackageSerde.Tests.csproj", "{F1E67274-9DB6-42CC-BC25-057CEA2D2CA7}"
EndProject
Project("{FAE04EC0-301F-11D3-BF4B-00C04F79EFBC}") = "Nsharp.PackageSerde", "src\Nsharp.PackageSerde\Nsharp.PackageSerde.csproj", "{9524F536-EBBD-4DBB-BBE9-D7FC447CDEB9}"
EndProject
Global
	GlobalSection(SolutionConfigurationPlatforms) = preSolution
		Debug|Any CPU = Debug|Any CPU
		Debug|x64 = Debug|x64
		Debug|x86 = Debug|x86
		Release|Any CPU = Release|Any CPU
		Release|x64 = Release|x64
		Release|x86 = Release|x86
	EndGlobalSection
	GlobalSection(ProjectConfigurationPlatforms) = postSolution
		{07C088E5-D0F0-4565-B1EF-258FFDDDA4B5}.Debug|Any CPU.ActiveCfg = Debug|Any CPU
		{07C088E5-D0F0-4565-B1EF-258FFDDDA4B5}.Debug|Any CPU.Build.0 = Debug|Any CPU
		{07C088E5-D0F0-4565-B1EF-258FFDDDA4B5}.Debug|x64.ActiveCfg = Debug|Any CPU
		{07C088E5-D0F0-4565-B1EF-258FFDDDA4B5}.Debug|x64.Build.0 = Debug|Any CPU
		{07C088E5-D0F0-4565-B1EF-258FFDDDA4B5}.Debug|x86.ActiveCfg = Debug|Any CPU
		{07C088E5-D0F0-4565-B1EF-258FFDDDA4B5}.Debug|x86.Build.0 = Debug|Any CPU
		{07C088E5-D0F0-4565-B1EF-258FFDDDA4B5}.Release|Any CPU.ActiveCfg = Release|Any CPU
		{07C088E5-D0F0-4565-B1EF-258FFDDDA4B5}.Release|Any CPU.Build.0 = Release|Any CPU
		{07C088E5-D0F0-4565-B1EF-258FFDDDA4B5}.Release|x64.ActiveCfg = Release|Any CPU
		{07C088E5-D0F0-4565-B1EF-258FFDDDA4B5}.Release|x64.Build.0 = Release|Any CPU
		{07C088E5-D0F0-4565-B1EF-258FFDDDA4B5}.Release|x86.ActiveCfg = Release|Any CPU
		{07C088E5-D0F0-4565-B1EF-258FFDDDA4B5}.Release|x86.Build.0 = Release|Any CPU
		{BC8ABE2F-FA26-45A8-B3F2-FF13CD2E34A4}.Debug|Any CPU.ActiveCfg = Debug|Any CPU
		{BC8ABE2F-FA26-45A8-B3F2-FF13CD2E34A4}.Debug|Any CPU.Build.0 = Debug|Any CPU
		{BC8ABE2F-FA26-45A8-B3F2-FF13CD2E34A4}.Debug|x64.ActiveCfg = Debug|Any CPU
		{BC8ABE2F-FA26-45A8-B3F2-FF13CD2E34A4}.Debug|x64.Build.0 = Debug|Any CPU
		{BC8ABE2F-FA26-45A8-B3F2-FF13CD2E34A4}.Debug|x86.ActiveCfg = Debug|Any CPU
		{BC8ABE2F-FA26-45A8-B3F2-FF13CD2E34A4}.Debug|x86.Build.0 = Debug|Any CPU
		{BC8ABE2F-FA26-45A8-B3F2-FF13CD2E34A4}.Release|Any CPU.ActiveCfg = Release|Any CPU
		{BC8ABE2F-FA26-45A8-B3F2-FF13CD2E34A4}.Release|Any CPU.Build.0 = Release|Any CPU
		{BC8ABE2F-FA26-45A8-B3F2-FF13CD2E34A4}.Release|x64.ActiveCfg = Release|Any CPU
		{BC8ABE2F-FA26-45A8-B3F2-FF13CD2E34A4}.Release|x64.Build.0 = Release|Any CPU
		{BC8ABE2F-FA26-45A8-B3F2-FF13CD2E34A4}.Release|x86.ActiveCfg = Release|Any CPU
		{BC8ABE2F-FA26-45A8-B3F2-FF13CD2E34A4}.Release|x86.Build.0 = Release|Any CPU
		{B34D5291-C292-4789-A51E-F8C5757D59B2}.Debug|Any CPU.ActiveCfg = Debug|Any CPU
		{B34D5291-C292-4789-A51E-F8C5757D59B2}.Debug|Any CPU.Build.0 = Debug|Any CPU
		{B34D5291-C292-4789-A51E-F8C5757D59B2}.Debug|x64.ActiveCfg = Debug|Any CPU
		{B34D5291-C292-4789-A51E-F8C5757D59B2}.Debug|x64.Build.0 = Debug|Any CPU
		{B34D5291-C292-4789-A51E-F8C5757D59B2}.Debug|x86.ActiveCfg = Debug|Any CPU
		{B34D5291-C292-4789-A51E-F8C5757D59B2}.Debug|x86.Build.0 = Debug|Any CPU
		{B34D5291-C292-4789-A51E-F8C5757D59B2}.Release|Any CPU.ActiveCfg = Release|Any CPU
		{B34D5291-C292-4789-A51E-F8C5757D59B2}.Release|Any CPU.Build.0 = Release|Any CPU
		{B34D5291-C292-4789-A51E-F8C5757D59B2}.Release|x64.ActiveCfg = Release|Any CPU
		{B34D5291-C292-4789-A51E-F8C5757D59B2}.Release|x64.Build.0 = Release|Any CPU
		{B34D5291-C292-4789-A51E-F8C5757D59B2}.Release|x86.ActiveCfg = Release|Any CPU
		{B34D5291-C292-4789-A51E-F8C5757D59B2}.Release|x86.Build.0 = Release|Any CPU
		{86A01921-80BE-4D59-A866-5A5625212E7E}.Debug|Any CPU.ActiveCfg = Debug|Any CPU
		{86A01921-80BE-4D59-A866-5A5625212E7E}.Debug|Any CPU.Build.0 = Debug|Any CPU
		{86A01921-80BE-4D59-A866-5A5625212E7E}.Debug|x64.ActiveCfg = Debug|Any CPU
		{86A01921-80BE-4D59-A866-5A5625212E7E}.Debug|x64.Build.0 = Debug|Any CPU
		{86A01921-80BE-4D59-A866-5A5625212E7E}.Debug|x86.ActiveCfg = Debug|Any CPU
		{86A01921-80BE-4D59-A866-5A5625212E7E}.Debug|x86.Build.0 = Debug|Any CPU
		{86A01921-80BE-4D59-A866-5A5625212E7E}.Release|Any CPU.ActiveCfg = Release|Any CPU
		{86A01921-80BE-4D59-A866-5A5625212E7E}.Release|Any CPU.Build.0 = Release|Any CPU
		{86A01921-80BE-4D59-A866-5A5625212E7E}.Release|x64.ActiveCfg = Release|Any CPU
		{86A01921-80BE-4D59-A866-5A5625212E7E}.Release|x64.Build.0 = Release|Any CPU
		{86A01921-80BE-4D59-A866-5A5625212E7E}.Release|x86.ActiveCfg = Release|Any CPU
		{86A01921-80BE-4D59-A866-5A5625212E7E}.Release|x86.Build.0 = Release|Any CPU
		{DC18FCDF-7DD6-472C-A4B4-D5A4EC44F0B7}.Debug|Any CPU.ActiveCfg = Debug|Any CPU
		{DC18FCDF-7DD6-472C-A4B4-D5A4EC44F0B7}.Debug|Any CPU.Build.0 = Debug|Any CPU
		{DC18FCDF-7DD6-472C-A4B4-D5A4EC44F0B7}.Debug|x64.ActiveCfg = Debug|Any CPU
		{DC18FCDF-7DD6-472C-A4B4-D5A4EC44F0B7}.Debug|x64.Build.0 = Debug|Any CPU
		{DC18FCDF-7DD6-472C-A4B4-D5A4EC44F0B7}.Debug|x86.ActiveCfg = Debug|Any CPU
		{DC18FCDF-7DD6-472C-A4B4-D5A4EC44F0B7}.Debug|x86.Build.0 = Debug|Any CPU
		{DC18FCDF-7DD6-472C-A4B4-D5A4EC44F0B7}.Release|Any CPU.ActiveCfg = Release|Any CPU
		{DC18FCDF-7DD6-472C-A4B4-D5A4EC44F0B7}.Release|Any CPU.Build.0 = Release|Any CPU
		{DC18FCDF-7DD6-472C-A4B4-D5A4EC44F0B7}.Release|x64.ActiveCfg = Release|Any CPU
		{DC18FCDF-7DD6-472C-A4B4-D5A4EC44F0B7}.Release|x64.Build.0 = Release|Any CPU
		{DC18FCDF-7DD6-472C-A4B4-D5A4EC44F0B7}.Release|x86.ActiveCfg = Release|Any CPU
		{DC18FCDF-7DD6-472C-A4B4-D5A4EC44F0B7}.Release|x86.Build.0 = Release|Any CPU
		{DB15EB32-B162-4ABF-B6C9-710C4F9ADD8A}.Debug|Any CPU.ActiveCfg = Debug|Any CPU
		{DB15EB32-B162-4ABF-B6C9-710C4F9ADD8A}.Debug|Any CPU.Build.0 = Debug|Any CPU
		{DB15EB32-B162-4ABF-B6C9-710C4F9ADD8A}.Debug|x64.ActiveCfg = Debug|Any CPU
		{DB15EB32-B162-4ABF-B6C9-710C4F9ADD8A}.Debug|x64.Build.0 = Debug|Any CPU
		{DB15EB32-B162-4ABF-B6C9-710C4F9ADD8A}.Debug|x86.ActiveCfg = Debug|Any CPU
		{DB15EB32-B162-4ABF-B6C9-710C4F9ADD8A}.Debug|x86.Build.0 = Debug|Any CPU
		{DB15EB32-B162-4ABF-B6C9-710C4F9ADD8A}.Release|Any CPU.ActiveCfg = Release|Any CPU
		{DB15EB32-B162-4ABF-B6C9-710C4F9ADD8A}.Release|Any CPU.Build.0 = Release|Any CPU
		{DB15EB32-B162-4ABF-B6C9-710C4F9ADD8A}.Release|x64.ActiveCfg = Release|Any CPU
		{DB15EB32-B162-4ABF-B6C9-710C4F9ADD8A}.Release|x64.Build.0 = Release|Any CPU
		{DB15EB32-B162-4ABF-B6C9-710C4F9ADD8A}.Release|x86.ActiveCfg = Release|Any CPU
		{DB15EB32-B162-4ABF-B6C9-710C4F9ADD8A}.Release|x86.Build.0 = Release|Any CPU
		{F1E67274-9DB6-42CC-BC25-057CEA2D2CA7}.Debug|Any CPU.ActiveCfg = Debug|Any CPU
		{F1E67274-9DB6-42CC-BC25-057CEA2D2CA7}.Debug|Any CPU.Build.0 = Debug|Any CPU
		{F1E67274-9DB6-42CC-BC25-057CEA2D2CA7}.Debug|x64.ActiveCfg = Debug|Any CPU
		{F1E67274-9DB6-42CC-BC25-057CEA2D2CA7}.Debug|x64.Build.0 = Debug|Any CPU
		{F1E67274-9DB6-42CC-BC25-057CEA2D2CA7}.Debug|x86.ActiveCfg = Debug|Any CPU
		{F1E67274-9DB6-42CC-BC25-057CEA2D2CA7}.Debug|x86.Build.0 = Debug|Any CPU
		{F1E67274-9DB6-42CC-BC25-057CEA2D2CA7}.Release|Any CPU.ActiveCfg = Release|Any CPU
		{F1E67274-9DB6-42CC-BC25-057CEA2D2CA7}.Release|Any CPU.Build.0 = Release|Any CPU
		{F1E67274-9DB6-42CC-BC25-057CEA2D2CA7}.Release|x64.ActiveCfg = Release|Any CPU
		{F1E67274-9DB6-42CC-BC25-057CEA2D2CA7}.Release|x64.Build.0 = Release|Any CPU
		{F1E67274-9DB6-42CC-BC25-057CEA2D2CA7}.Release|x86.ActiveCfg = Release|Any CPU
		{F1E67274-9DB6-42CC-BC25-057CEA2D2CA7}.Release|x86.Build.0 = Release|Any CPU
		{9524F536-EBBD-4DBB-BBE9-D7FC447CDEB9}.Debug|Any CPU.ActiveCfg = Debug|Any CPU
		{9524F536-EBBD-4DBB-BBE9-D7FC447CDEB9}.Debug|Any CPU.Build.0 = Debug|Any CPU
		{9524F536-EBBD-4DBB-BBE9-D7FC447CDEB9}.Debug|x64.ActiveCfg = Debug|Any CPU
		{9524F536-EBBD-4DBB-BBE9-D7FC447CDEB9}.Debug|x64.Build.0 = Debug|Any CPU
		{9524F536-EBBD-4DBB-BBE9-D7FC447CDEB9}.Debug|x86.ActiveCfg = Debug|Any CPU
		{9524F536-EBBD-4DBB-BBE9-D7FC447CDEB9}.Debug|x86.Build.0 = Debug|Any CPU
		{9524F536-EBBD-4DBB-BBE9-D7FC447CDEB9}.Release|Any CPU.ActiveCfg = Release|Any CPU
		{9524F536-EBBD-4DBB-BBE9-D7FC447CDEB9}.Release|Any CPU.Build.0 = Release|Any CPU
		{9524F536-EBBD-4DBB-BBE9-D7FC447CDEB9}.Release|x64.ActiveCfg = Release|Any CPU
		{9524F536-EBBD-4DBB-BBE9-D7FC447CDEB9}.Release|x64.Build.0 = Release|Any CPU
		{9524F536-EBBD-4DBB-BBE9-D7FC447CDEB9}.Release|x86.ActiveCfg = Release|Any CPU
		{9524F536-EBBD-4DBB-BBE9-D7FC447CDEB9}.Release|x86.Build.0 = Release|Any CPU
	EndGlobalSection
	GlobalSection(SolutionProperties) = preSolution
		HideSolutionNode = FALSE
	EndGlobalSection
	GlobalSection(NestedProjects) = preSolution
		{07C088E5-D0F0-4565-B1EF-258FFDDDA4B5} = {02A46024-FA17-4D32-AFF7-6FA210071CA7}
		{BC8ABE2F-FA26-45A8-B3F2-FF13CD2E34A4} = {0A9D8473-66D5-4C70-9C3A-C0D0BAD84A7D}
		{4586177D-86CF-48D1-80B3-79BE797D6149} = {726BBF22-A036-4473-B8A6-A4044ECAAAF3}
		{79559DD9-7465-401D-96EE-B1F6AB734298} = {4586177D-86CF-48D1-80B3-79BE797D6149}
		{B34D5291-C292-4789-A51E-F8C5757D59B2} = {0A9D8473-66D5-4C70-9C3A-C0D0BAD84A7D}
		{86A01921-80BE-4D59-A866-5A5625212E7E} = {0A9D8473-66D5-4C70-9C3A-C0D0BAD84A7D}
		{CEEDAAB9-C755-493E-A5CB-3BB36F3760A2} = {E181C650-F53E-40E0-BC92-E207F4ECAF14}
		{DC18FCDF-7DD6-472C-A4B4-D5A4EC44F0B7} = {0A9D8473-66D5-4C70-9C3A-C0D0BAD84A7D}
		{DB15EB32-B162-4ABF-B6C9-710C4F9ADD8A} = {02A46024-FA17-4D32-AFF7-6FA210071CA7}
		{F1E67274-9DB6-42CC-BC25-057CEA2D2CA7} = {02A46024-FA17-4D32-AFF7-6FA210071CA7}
		{9524F536-EBBD-4DBB-BBE9-D7FC447CDEB9} = {0A9D8473-66D5-4C70-9C3A-C0D0BAD84A7D}
	EndGlobalSection
	GlobalSection(ExtensibilityGlobals) = postSolution
		SolutionGuid = {9A811E5C-A587-4C02-8B83-C4770509C8C4}
	EndGlobalSection
EndGlobal
