
Microsoft Visual Studio Solution File, Format Version 12.00
# Visual Studio Version 16
VisualStudioVersion = 16.0.29709.97
MinimumVisualStudioVersion = 15.0.26124.0
Project("{2150E333-8FDC-42A3-9474-1A3956D46DE8}") = "src", "src", "{0A9D8473-66D5-4C70-9C3A-C0D0BAD84A7D}"
	ProjectSection(SolutionItems) = preProject
		src\dir.props = src\dir.props
	EndProjectSection
EndProject
Project("{2150E333-8FDC-42A3-9474-1A3956D46DE8}") = "tests", "tests", "{02A46024-FA17-4D32-AFF7-6FA210071CA7}"
	ProjectSection(SolutionItems) = preProject
		tests\dir.props = tests\dir.props
	EndProjectSection
EndProject
Project("{9A19103F-16F7-4668-BE54-9A1E7A4F7556}") = "Nsharp.Tests", "tests\Nsharp.Tests\Nsharp.Tests.csproj", "{07C088E5-D0F0-4565-B1EF-258FFDDDA4B5}"
EndProject
Project("{2150E333-8FDC-42A3-9474-1A3956D46DE8}") = "Solution Items", "Solution Items", "{DD1D123D-45FA-4237-8954-DF75B82AC001}"
	ProjectSection(SolutionItems) = preProject
		.editorconfig = .editorconfig
		.gitignore = .gitignore
		dir.props = dir.props
		dotnet-tools.json = dotnet-tools.json
		LICENSE.txt = LICENSE.txt
		nsharp.schema.json = nsharp.schema.json
		README.md = README.md
	EndProjectSection
EndProject
Project("{9A19103F-16F7-4668-BE54-9A1E7A4F7556}") = "Nsharp.PackageInfo", "src\Nsharp.PackageInfo\Nsharp.PackageInfo.csproj", "{85152153-410A-47C2-92CE-ADC1C5E51AF8}"
EndProject
Project("{9A19103F-16F7-4668-BE54-9A1E7A4F7556}") = "Nsharp.PackageInfo.Tests", "tests\Nsharp.PackageInfo.Tests\Nsharp.PackageInfo.Tests.csproj", "{69B382A1-C289-45B1-A310-C83D8F30940E}"
EndProject
Project("{2150E333-8FDC-42A3-9474-1A3956D46DE8}") = "docs", "docs", "{726BBF22-A036-4473-B8A6-A4044ECAAAF3}"
EndProject
Project("{9A19103F-16F7-4668-BE54-9A1E7A4F7556}") = "Nsharp", "src\Nsharp\Nsharp.csproj", "{BC8ABE2F-FA26-45A8-B3F2-FF13CD2E34A4}"
EndProject
Project("{2150E333-8FDC-42A3-9474-1A3956D46DE8}") = "project-structure", "project-structure", "{4586177D-86CF-48D1-80B3-79BE797D6149}"
EndProject
Project("{2150E333-8FDC-42A3-9474-1A3956D46DE8}") = "nsharp.json", "nsharp.json", "{79559DD9-7465-401D-96EE-B1F6AB734298}"
	ProjectSection(SolutionItems) = preProject
		docs\project-structure\nsharp.json\example-1.json = docs\project-structure\nsharp.json\example-1.json
		docs\project-structure\nsharp.json\example-2.json = docs\project-structure\nsharp.json\example-2.json
		docs\project-structure\nsharp.json\example-3.json = docs\project-structure\nsharp.json\example-3.json
		docs\project-structure\nsharp.json\README.md = docs\project-structure\nsharp.json\README.md
	EndProjectSection
EndProject
Project("{9A19103F-16F7-4668-BE54-9A1E7A4F7556}") = "Nsharp.Interpreter", "src\Nsharp.Interpreter\Nsharp.Interpreter.csproj", "{B34D5291-C292-4789-A51E-F8C5757D59B2}"
EndProject
Project("{9A19103F-16F7-4668-BE54-9A1E7A4F7556}") = "Nsharp.Compiler", "src\Nsharp.Compiler\Nsharp.Compiler.csproj", "{86A01921-80BE-4D59-A866-5A5625212E7E}"
EndProject
Project("{2150E333-8FDC-42A3-9474-1A3956D46DE8}") = ".github", ".github", "{E181C650-F53E-40E0-BC92-E207F4ECAF14}"
EndProject
Project("{2150E333-8FDC-42A3-9474-1A3956D46DE8}") = "workflows", "workflows", "{CEEDAAB9-C755-493E-A5CB-3BB36F3760A2}"
	ProjectSection(SolutionItems) = preProject
		.github\workflows\workflow.yaml = .github\workflows\workflow.yaml
	EndProjectSection
EndProject
Project("{9A19103F-16F7-4668-BE54-9A1E7A4F7556}") = "Nsharp.Downloader.Zip", "src\Nsharp.Downloader.Zip\Nsharp.Downloader.Zip.csproj", "{3B3EC73A-3109-4EF3-AC24-8CC6757FFDE6}"
EndProject
Project("{9A19103F-16F7-4668-BE54-9A1E7A4F7556}") = "Nsharp.Downloader.Git", "src\Nsharp.Downloader.Git\Nsharp.Downloader.Git.csproj", "{E5F8CF03-ECED-403B-9F55-5DACCC42FF26}"
EndProject
Project("{FAE04EC0-301F-11D3-BF4B-00C04F79EFBC}") = "Nsharp.Downloader.Core", "src\Nsharp.Downloader.Core\Nsharp.Downloader.Core.csproj", "{9CAFD1F1-B35D-4A78-85DE-5B6CEA2FC8E2}"
EndProject
Global
	GlobalSection(SolutionConfigurationPlatforms) = preSolution
		Debug|Any CPU = Debug|Any CPU
		Debug|x64 = Debug|x64
		Debug|x86 = Debug|x86
		Release|Any CPU = Release|Any CPU
		Release|x64 = Release|x64
		Release|x86 = Release|x86
	EndGlobalSection
	GlobalSection(ProjectConfigurationPlatforms) = postSolution
		{07C088E5-D0F0-4565-B1EF-258FFDDDA4B5}.Debug|Any CPU.ActiveCfg = Debug|Any CPU
		{07C088E5-D0F0-4565-B1EF-258FFDDDA4B5}.Debug|Any CPU.Build.0 = Debug|Any CPU
		{07C088E5-D0F0-4565-B1EF-258FFDDDA4B5}.Debug|x64.ActiveCfg = Debug|Any CPU
		{07C088E5-D0F0-4565-B1EF-258FFDDDA4B5}.Debug|x64.Build.0 = Debug|Any CPU
		{07C088E5-D0F0-4565-B1EF-258FFDDDA4B5}.Debug|x86.ActiveCfg = Debug|Any CPU
		{07C088E5-D0F0-4565-B1EF-258FFDDDA4B5}.Debug|x86.Build.0 = Debug|Any CPU
		{07C088E5-D0F0-4565-B1EF-258FFDDDA4B5}.Release|Any CPU.ActiveCfg = Release|Any CPU
		{07C088E5-D0F0-4565-B1EF-258FFDDDA4B5}.Release|Any CPU.Build.0 = Release|Any CPU
		{07C088E5-D0F0-4565-B1EF-258FFDDDA4B5}.Release|x64.ActiveCfg = Release|Any CPU
		{07C088E5-D0F0-4565-B1EF-258FFDDDA4B5}.Release|x64.Build.0 = Release|Any CPU
		{07C088E5-D0F0-4565-B1EF-258FFDDDA4B5}.Release|x86.ActiveCfg = Release|Any CPU
		{07C088E5-D0F0-4565-B1EF-258FFDDDA4B5}.Release|x86.Build.0 = Release|Any CPU
		{85152153-410A-47C2-92CE-ADC1C5E51AF8}.Debug|Any CPU.ActiveCfg = Debug|Any CPU
		{85152153-410A-47C2-92CE-ADC1C5E51AF8}.Debug|Any CPU.Build.0 = Debug|Any CPU
		{85152153-410A-47C2-92CE-ADC1C5E51AF8}.Debug|x64.ActiveCfg = Debug|Any CPU
		{85152153-410A-47C2-92CE-ADC1C5E51AF8}.Debug|x64.Build.0 = Debug|Any CPU
		{85152153-410A-47C2-92CE-ADC1C5E51AF8}.Debug|x86.ActiveCfg = Debug|Any CPU
		{85152153-410A-47C2-92CE-ADC1C5E51AF8}.Debug|x86.Build.0 = Debug|Any CPU
		{85152153-410A-47C2-92CE-ADC1C5E51AF8}.Release|Any CPU.ActiveCfg = Release|Any CPU
		{85152153-410A-47C2-92CE-ADC1C5E51AF8}.Release|Any CPU.Build.0 = Release|Any CPU
		{85152153-410A-47C2-92CE-ADC1C5E51AF8}.Release|x64.ActiveCfg = Release|Any CPU
		{85152153-410A-47C2-92CE-ADC1C5E51AF8}.Release|x64.Build.0 = Release|Any CPU
		{85152153-410A-47C2-92CE-ADC1C5E51AF8}.Release|x86.ActiveCfg = Release|Any CPU
		{85152153-410A-47C2-92CE-ADC1C5E51AF8}.Release|x86.Build.0 = Release|Any CPU
		{69B382A1-C289-45B1-A310-C83D8F30940E}.Debug|Any CPU.ActiveCfg = Debug|Any CPU
		{69B382A1-C289-45B1-A310-C83D8F30940E}.Debug|Any CPU.Build.0 = Debug|Any CPU
		{69B382A1-C289-45B1-A310-C83D8F30940E}.Debug|x64.ActiveCfg = Debug|Any CPU
		{69B382A1-C289-45B1-A310-C83D8F30940E}.Debug|x64.Build.0 = Debug|Any CPU
		{69B382A1-C289-45B1-A310-C83D8F30940E}.Debug|x86.ActiveCfg = Debug|Any CPU
		{69B382A1-C289-45B1-A310-C83D8F30940E}.Debug|x86.Build.0 = Debug|Any CPU
		{69B382A1-C289-45B1-A310-C83D8F30940E}.Release|Any CPU.ActiveCfg = Release|Any CPU
		{69B382A1-C289-45B1-A310-C83D8F30940E}.Release|Any CPU.Build.0 = Release|Any CPU
		{69B382A1-C289-45B1-A310-C83D8F30940E}.Release|x64.ActiveCfg = Release|Any CPU
		{69B382A1-C289-45B1-A310-C83D8F30940E}.Release|x64.Build.0 = Release|Any CPU
		{69B382A1-C289-45B1-A310-C83D8F30940E}.Release|x86.ActiveCfg = Release|Any CPU
		{69B382A1-C289-45B1-A310-C83D8F30940E}.Release|x86.Build.0 = Release|Any CPU
		{BC8ABE2F-FA26-45A8-B3F2-FF13CD2E34A4}.Debug|Any CPU.ActiveCfg = Debug|Any CPU
		{BC8ABE2F-FA26-45A8-B3F2-FF13CD2E34A4}.Debug|Any CPU.Build.0 = Debug|Any CPU
		{BC8ABE2F-FA26-45A8-B3F2-FF13CD2E34A4}.Debug|x64.ActiveCfg = Debug|Any CPU
		{BC8ABE2F-FA26-45A8-B3F2-FF13CD2E34A4}.Debug|x64.Build.0 = Debug|Any CPU
		{BC8ABE2F-FA26-45A8-B3F2-FF13CD2E34A4}.Debug|x86.ActiveCfg = Debug|Any CPU
		{BC8ABE2F-FA26-45A8-B3F2-FF13CD2E34A4}.Debug|x86.Build.0 = Debug|Any CPU
		{BC8ABE2F-FA26-45A8-B3F2-FF13CD2E34A4}.Release|Any CPU.ActiveCfg = Release|Any CPU
		{BC8ABE2F-FA26-45A8-B3F2-FF13CD2E34A4}.Release|Any CPU.Build.0 = Release|Any CPU
		{BC8ABE2F-FA26-45A8-B3F2-FF13CD2E34A4}.Release|x64.ActiveCfg = Release|Any CPU
		{BC8ABE2F-FA26-45A8-B3F2-FF13CD2E34A4}.Release|x64.Build.0 = Release|Any CPU
		{BC8ABE2F-FA26-45A8-B3F2-FF13CD2E34A4}.Release|x86.ActiveCfg = Release|Any CPU
		{BC8ABE2F-FA26-45A8-B3F2-FF13CD2E34A4}.Release|x86.Build.0 = Release|Any CPU
		{B34D5291-C292-4789-A51E-F8C5757D59B2}.Debug|Any CPU.ActiveCfg = Debug|Any CPU
		{B34D5291-C292-4789-A51E-F8C5757D59B2}.Debug|Any CPU.Build.0 = Debug|Any CPU
		{B34D5291-C292-4789-A51E-F8C5757D59B2}.Debug|x64.ActiveCfg = Debug|Any CPU
		{B34D5291-C292-4789-A51E-F8C5757D59B2}.Debug|x64.Build.0 = Debug|Any CPU
		{B34D5291-C292-4789-A51E-F8C5757D59B2}.Debug|x86.ActiveCfg = Debug|Any CPU
		{B34D5291-C292-4789-A51E-F8C5757D59B2}.Debug|x86.Build.0 = Debug|Any CPU
		{B34D5291-C292-4789-A51E-F8C5757D59B2}.Release|Any CPU.ActiveCfg = Release|Any CPU
		{B34D5291-C292-4789-A51E-F8C5757D59B2}.Release|Any CPU.Build.0 = Release|Any CPU
		{B34D5291-C292-4789-A51E-F8C5757D59B2}.Release|x64.ActiveCfg = Release|Any CPU
		{B34D5291-C292-4789-A51E-F8C5757D59B2}.Release|x64.Build.0 = Release|Any CPU
		{B34D5291-C292-4789-A51E-F8C5757D59B2}.Release|x86.ActiveCfg = Release|Any CPU
		{B34D5291-C292-4789-A51E-F8C5757D59B2}.Release|x86.Build.0 = Release|Any CPU
		{86A01921-80BE-4D59-A866-5A5625212E7E}.Debug|Any CPU.ActiveCfg = Debug|Any CPU
		{86A01921-80BE-4D59-A866-5A5625212E7E}.Debug|Any CPU.Build.0 = Debug|Any CPU
		{86A01921-80BE-4D59-A866-5A5625212E7E}.Debug|x64.ActiveCfg = Debug|Any CPU
		{86A01921-80BE-4D59-A866-5A5625212E7E}.Debug|x64.Build.0 = Debug|Any CPU
		{86A01921-80BE-4D59-A866-5A5625212E7E}.Debug|x86.ActiveCfg = Debug|Any CPU
		{86A01921-80BE-4D59-A866-5A5625212E7E}.Debug|x86.Build.0 = Debug|Any CPU
		{86A01921-80BE-4D59-A866-5A5625212E7E}.Release|Any CPU.ActiveCfg = Release|Any CPU
		{86A01921-80BE-4D59-A866-5A5625212E7E}.Release|Any CPU.Build.0 = Release|Any CPU
		{86A01921-80BE-4D59-A866-5A5625212E7E}.Release|x64.ActiveCfg = Release|Any CPU
		{86A01921-80BE-4D59-A866-5A5625212E7E}.Release|x64.Build.0 = Release|Any CPU
		{86A01921-80BE-4D59-A866-5A5625212E7E}.Release|x86.ActiveCfg = Release|Any CPU
		{86A01921-80BE-4D59-A866-5A5625212E7E}.Release|x86.Build.0 = Release|Any CPU
		{3B3EC73A-3109-4EF3-AC24-8CC6757FFDE6}.Debug|Any CPU.ActiveCfg = Debug|Any CPU
		{3B3EC73A-3109-4EF3-AC24-8CC6757FFDE6}.Debug|Any CPU.Build.0 = Debug|Any CPU
		{3B3EC73A-3109-4EF3-AC24-8CC6757FFDE6}.Debug|x64.ActiveCfg = Debug|Any CPU
		{3B3EC73A-3109-4EF3-AC24-8CC6757FFDE6}.Debug|x64.Build.0 = Debug|Any CPU
		{3B3EC73A-3109-4EF3-AC24-8CC6757FFDE6}.Debug|x86.ActiveCfg = Debug|Any CPU
		{3B3EC73A-3109-4EF3-AC24-8CC6757FFDE6}.Debug|x86.Build.0 = Debug|Any CPU
		{3B3EC73A-3109-4EF3-AC24-8CC6757FFDE6}.Release|Any CPU.ActiveCfg = Release|Any CPU
		{3B3EC73A-3109-4EF3-AC24-8CC6757FFDE6}.Release|Any CPU.Build.0 = Release|Any CPU
		{3B3EC73A-3109-4EF3-AC24-8CC6757FFDE6}.Release|x64.ActiveCfg = Release|Any CPU
		{3B3EC73A-3109-4EF3-AC24-8CC6757FFDE6}.Release|x64.Build.0 = Release|Any CPU
		{3B3EC73A-3109-4EF3-AC24-8CC6757FFDE6}.Release|x86.ActiveCfg = Release|Any CPU
		{3B3EC73A-3109-4EF3-AC24-8CC6757FFDE6}.Release|x86.Build.0 = Release|Any CPU
		{E5F8CF03-ECED-403B-9F55-5DACCC42FF26}.Debug|Any CPU.ActiveCfg = Debug|Any CPU
		{E5F8CF03-ECED-403B-9F55-5DACCC42FF26}.Debug|Any CPU.Build.0 = Debug|Any CPU
		{E5F8CF03-ECED-403B-9F55-5DACCC42FF26}.Debug|x64.ActiveCfg = Debug|Any CPU
		{E5F8CF03-ECED-403B-9F55-5DACCC42FF26}.Debug|x64.Build.0 = Debug|Any CPU
		{E5F8CF03-ECED-403B-9F55-5DACCC42FF26}.Debug|x86.ActiveCfg = Debug|Any CPU
		{E5F8CF03-ECED-403B-9F55-5DACCC42FF26}.Debug|x86.Build.0 = Debug|Any CPU
		{E5F8CF03-ECED-403B-9F55-5DACCC42FF26}.Release|Any CPU.ActiveCfg = Release|Any CPU
		{E5F8CF03-ECED-403B-9F55-5DACCC42FF26}.Release|Any CPU.Build.0 = Release|Any CPU
		{E5F8CF03-ECED-403B-9F55-5DACCC42FF26}.Release|x64.ActiveCfg = Release|Any CPU
		{E5F8CF03-ECED-403B-9F55-5DACCC42FF26}.Release|x64.Build.0 = Release|Any CPU
		{E5F8CF03-ECED-403B-9F55-5DACCC42FF26}.Release|x86.ActiveCfg = Release|Any CPU
		{E5F8CF03-ECED-403B-9F55-5DACCC42FF26}.Release|x86.Build.0 = Release|Any CPU
		{9CAFD1F1-B35D-4A78-85DE-5B6CEA2FC8E2}.Debug|Any CPU.ActiveCfg = Debug|Any CPU
		{9CAFD1F1-B35D-4A78-85DE-5B6CEA2FC8E2}.Debug|Any CPU.Build.0 = Debug|Any CPU
		{9CAFD1F1-B35D-4A78-85DE-5B6CEA2FC8E2}.Debug|x64.ActiveCfg = Debug|Any CPU
		{9CAFD1F1-B35D-4A78-85DE-5B6CEA2FC8E2}.Debug|x64.Build.0 = Debug|Any CPU
		{9CAFD1F1-B35D-4A78-85DE-5B6CEA2FC8E2}.Debug|x86.ActiveCfg = Debug|Any CPU
		{9CAFD1F1-B35D-4A78-85DE-5B6CEA2FC8E2}.Debug|x86.Build.0 = Debug|Any CPU
		{9CAFD1F1-B35D-4A78-85DE-5B6CEA2FC8E2}.Release|Any CPU.ActiveCfg = Release|Any CPU
		{9CAFD1F1-B35D-4A78-85DE-5B6CEA2FC8E2}.Release|Any CPU.Build.0 = Release|Any CPU
		{9CAFD1F1-B35D-4A78-85DE-5B6CEA2FC8E2}.Release|x64.ActiveCfg = Release|Any CPU
		{9CAFD1F1-B35D-4A78-85DE-5B6CEA2FC8E2}.Release|x64.Build.0 = Release|Any CPU
		{9CAFD1F1-B35D-4A78-85DE-5B6CEA2FC8E2}.Release|x86.ActiveCfg = Release|Any CPU
		{9CAFD1F1-B35D-4A78-85DE-5B6CEA2FC8E2}.Release|x86.Build.0 = Release|Any CPU
	EndGlobalSection
	GlobalSection(SolutionProperties) = preSolution
		HideSolutionNode = FALSE
	EndGlobalSection
	GlobalSection(NestedProjects) = preSolution
		{07C088E5-D0F0-4565-B1EF-258FFDDDA4B5} = {02A46024-FA17-4D32-AFF7-6FA210071CA7}
		{85152153-410A-47C2-92CE-ADC1C5E51AF8} = {0A9D8473-66D5-4C70-9C3A-C0D0BAD84A7D}
		{69B382A1-C289-45B1-A310-C83D8F30940E} = {02A46024-FA17-4D32-AFF7-6FA210071CA7}
		{BC8ABE2F-FA26-45A8-B3F2-FF13CD2E34A4} = {0A9D8473-66D5-4C70-9C3A-C0D0BAD84A7D}
		{4586177D-86CF-48D1-80B3-79BE797D6149} = {726BBF22-A036-4473-B8A6-A4044ECAAAF3}
		{79559DD9-7465-401D-96EE-B1F6AB734298} = {4586177D-86CF-48D1-80B3-79BE797D6149}
		{B34D5291-C292-4789-A51E-F8C5757D59B2} = {0A9D8473-66D5-4C70-9C3A-C0D0BAD84A7D}
		{86A01921-80BE-4D59-A866-5A5625212E7E} = {0A9D8473-66D5-4C70-9C3A-C0D0BAD84A7D}
		{CEEDAAB9-C755-493E-A5CB-3BB36F3760A2} = {E181C650-F53E-40E0-BC92-E207F4ECAF14}
		{3B3EC73A-3109-4EF3-AC24-8CC6757FFDE6} = {0A9D8473-66D5-4C70-9C3A-C0D0BAD84A7D}
		{E5F8CF03-ECED-403B-9F55-5DACCC42FF26} = {0A9D8473-66D5-4C70-9C3A-C0D0BAD84A7D}
		{9CAFD1F1-B35D-4A78-85DE-5B6CEA2FC8E2} = {0A9D8473-66D5-4C70-9C3A-C0D0BAD84A7D}
	EndGlobalSection
	GlobalSection(ExtensibilityGlobals) = postSolution
		SolutionGuid = {9A811E5C-A587-4C02-8B83-C4770509C8C4}
	EndGlobalSection
EndGlobal
